
Microsoft Visual Studio Solution File, Format Version 12.00
# Visual Studio 15
VisualStudioVersion = 15.0.28307.168
MinimumVisualStudioVersion = 10.0.40219.1
Project("{9A19103F-16F7-4668-BE54-9A1E7A4F7556}") = "Sheekr.Application", "Sheekr.Application\Sheekr.Application.csproj", "{38EEDF37-A677-45F3-A1EC-30917A16EBDE}"
EndProject
Project("{9A19103F-16F7-4668-BE54-9A1E7A4F7556}") = "Sheekr.Data", "Sheekr.Data\Sheekr.Data.csproj", "{4D38B189-95FA-4029-A5DE-9E2B13BB936B}"
EndProject
Project("{9A19103F-16F7-4668-BE54-9A1E7A4F7556}") = "Sheekr.Domain", "Sheekr.Domain\Sheekr.Domain.csproj", "{1801D85B-040C-4FB8-96F4-1F2B945B3A50}"
EndProject
Project("{9A19103F-16F7-4668-BE54-9A1E7A4F7556}") = "Sheekr.Infrastructure", "Sheekr.Infrastructure\Sheekr.Infrastructure.csproj", "{B8DDCAEA-24C0-4B02-A7C1-8822913B06C1}"
EndProject
Project("{9A19103F-16F7-4668-BE54-9A1E7A4F7556}") = "Sheekr.WebApp", "Sheekr.WebApp\Sheekr.WebApp.csproj", "{1D8C8D77-20EA-4202-81F5-27312CBBA823}"
EndProject
Global
	GlobalSection(SolutionConfigurationPlatforms) = preSolution
		Debug|Any CPU = Debug|Any CPU
		Release|Any CPU = Release|Any CPU
	EndGlobalSection
	GlobalSection(ProjectConfigurationPlatforms) = postSolution
		{38EEDF37-A677-45F3-A1EC-30917A16EBDE}.Debug|Any CPU.ActiveCfg = Debug|Any CPU
		{38EEDF37-A677-45F3-A1EC-30917A16EBDE}.Debug|Any CPU.Build.0 = Debug|Any CPU
		{38EEDF37-A677-45F3-A1EC-30917A16EBDE}.Release|Any CPU.ActiveCfg = Release|Any CPU
		{38EEDF37-A677-45F3-A1EC-30917A16EBDE}.Release|Any CPU.Build.0 = Release|Any CPU
		{4D38B189-95FA-4029-A5DE-9E2B13BB936B}.Debug|Any CPU.ActiveCfg = Debug|Any CPU
		{4D38B189-95FA-4029-A5DE-9E2B13BB936B}.Debug|Any CPU.Build.0 = Debug|Any CPU
		{4D38B189-95FA-4029-A5DE-9E2B13BB936B}.Release|Any CPU.ActiveCfg = Release|Any CPU
		{4D38B189-95FA-4029-A5DE-9E2B13BB936B}.Release|Any CPU.Build.0 = Release|Any CPU
		{1801D85B-040C-4FB8-96F4-1F2B945B3A50}.Debug|Any CPU.ActiveCfg = Debug|Any CPU
		{1801D85B-040C-4FB8-96F4-1F2B945B3A50}.Debug|Any CPU.Build.0 = Debug|Any CPU
		{1801D85B-040C-4FB8-96F4-1F2B945B3A50}.Release|Any CPU.ActiveCfg = Release|Any CPU
		{1801D85B-040C-4FB8-96F4-1F2B945B3A50}.Release|Any CPU.Build.0 = Release|Any CPU
		{B8DDCAEA-24C0-4B02-A7C1-8822913B06C1}.Debug|Any CPU.ActiveCfg = Debug|Any CPU
		{B8DDCAEA-24C0-4B02-A7C1-8822913B06C1}.Debug|Any CPU.Build.0 = Debug|Any CPU
		{B8DDCAEA-24C0-4B02-A7C1-8822913B06C1}.Release|Any CPU.ActiveCfg = Release|Any CPU
		{B8DDCAEA-24C0-4B02-A7C1-8822913B06C1}.Release|Any CPU.Build.0 = Release|Any CPU
		{1D8C8D77-20EA-4202-81F5-27312CBBA823}.Debug|Any CPU.ActiveCfg = Debug|Any CPU
		{1D8C8D77-20EA-4202-81F5-27312CBBA823}.Debug|Any CPU.Build.0 = Debug|Any CPU
		{1D8C8D77-20EA-4202-81F5-27312CBBA823}.Release|Any CPU.ActiveCfg = Release|Any CPU
		{1D8C8D77-20EA-4202-81F5-27312CBBA823}.Release|Any CPU.Build.0 = Release|Any CPU
	EndGlobalSection
	GlobalSection(SolutionProperties) = preSolution
		HideSolutionNode = FALSE
	EndGlobalSection
	GlobalSection(ExtensibilityGlobals) = postSolution
		SolutionGuid = {55FA22D7-A1EC-4D19-A2A0-08341EC2F7A6}
	EndGlobalSection
EndGlobal
